
Microsoft Visual Studio Solution File, Format Version 12.00
# Visual Studio Version 17
VisualStudioVersion = 17.2.32516.85
MinimumVisualStudioVersion = 10.0.40219.1
Project("{2150E333-8FDC-42A3-9474-1A3956D46DE8}") = "Services", "Services", "{F81825D0-2781-47A2-84A2-A5F020D2CB3E}"
EndProject
Project("{2150E333-8FDC-42A3-9474-1A3956D46DE8}") = "Catalog", "Catalog", "{D7C1BAD1-3AE5-4922-8F74-AC40189BD7BE}"
EndProject
Project("{9A19103F-16F7-4668-BE54-9A1E7A4F7556}") = "Catalog.API", "Services\Catalog\Catalog.API\Catalog.API.csproj", "{9395DD29-E3DD-47DC-9CAC-7EF989412AA4}"
EndProject
Project("{E53339B2-1760-4266-BCC7-CA923CBCF16C}") = "docker-compose", "docker-compose.dcproj", "{E6D17710-8670-4BF5-82EA-D27C125FEF58}"
EndProject
Project("{2150E333-8FDC-42A3-9474-1A3956D46DE8}") = "Basket", "Basket", "{E2BB9C1A-CB98-4F9C-8B5E-0EE66CC0672C}"
EndProject
Project("{9A19103F-16F7-4668-BE54-9A1E7A4F7556}") = "Basket.API", "Services\Basket\Basket.API\Basket.API.csproj", "{18DD7586-A940-454C-9773-55581CAB65F5}"
EndProject
Project("{2150E333-8FDC-42A3-9474-1A3956D46DE8}") = "Discount", "Discount", "{DB564AC7-A773-427F-A76D-47595744C591}"
EndProject
Project("{9A19103F-16F7-4668-BE54-9A1E7A4F7556}") = "Discount.API", "Services\Discount\Discount.API\Discount.API.csproj", "{81F1A728-2D0D-415A-91A6-9658DAEBA539}"
EndProject
Project("{9A19103F-16F7-4668-BE54-9A1E7A4F7556}") = "Discount.Grpc", "Services\Discount\Discount.Grpc\Discount.Grpc.csproj", "{A444E227-B554-4C27-98C2-EFE6DCF8F8D8}"
EndProject
Project("{2150E333-8FDC-42A3-9474-1A3956D46DE8}") = "Ordering", "Ordering", "{42E8F0D8-FC6E-410A-8F35-7BD310D6F847}"
EndProject
Project("{9A19103F-16F7-4668-BE54-9A1E7A4F7556}") = "Ordering.API", "Services\Ordering\Ordering.API\Ordering.API.csproj", "{DB58CF1B-C3BE-4FAE-8507-CD5790F1CDA1}"
EndProject
Project("{9A19103F-16F7-4668-BE54-9A1E7A4F7556}") = "Ordering.Domain", "Services\Ordering\Ordering.Domain\Ordering.Domain.csproj", "{D61BD9C4-0947-43F6-ABE0-489970D01881}"
EndProject
Project("{9A19103F-16F7-4668-BE54-9A1E7A4F7556}") = "Ordering.Application", "Services\Ordering\Ordering.Application\Ordering.Application.csproj", "{4E30BD3F-7FEA-473B-8E80-17F831AFCA0B}"
EndProject
Project("{9A19103F-16F7-4668-BE54-9A1E7A4F7556}") = "Ordering.Infrastructure", "Services\Ordering\Ordering.Infrastructure\Ordering.Infrastructure.csproj", "{B97682FF-5B45-44D6-9B85-97BD17F700AE}"
EndProject
Project("{2150E333-8FDC-42A3-9474-1A3956D46DE8}") = "BuildingBlocks", "BuildingBlocks", "{263DE7D8-7C35-4569-B582-29F4B57F8DD9}"
EndProject
Project("{9A19103F-16F7-4668-BE54-9A1E7A4F7556}") = "EventBus.Messages", "BuildingBlocks\EventBus.Messages\EventBus.Messages.csproj", "{A52E81C2-3A60-4500-ACA5-3535A967E0B9}"
EndProject
Project("{2150E333-8FDC-42A3-9474-1A3956D46DE8}") = "ApiGateways", "ApiGateways", "{6AF3A441-0B7A-4119-ADDB-88F30E3AFDF2}"
EndProject
Project("{FAE04EC0-301F-11D3-BF4B-00C04F79EFBC}") = "OcelotApiGw", "ApiGateways\OcelotApiGw\OcelotApiGw.csproj", "{3C6EA990-0AB8-41B5-B34B-AD45A4187F14}"
EndProject
Global
	GlobalSection(SolutionConfigurationPlatforms) = preSolution
		Debug|Any CPU = Debug|Any CPU
		Release|Any CPU = Release|Any CPU
	EndGlobalSection
	GlobalSection(ProjectConfigurationPlatforms) = postSolution
		{9395DD29-E3DD-47DC-9CAC-7EF989412AA4}.Debug|Any CPU.ActiveCfg = Debug|Any CPU
		{9395DD29-E3DD-47DC-9CAC-7EF989412AA4}.Debug|Any CPU.Build.0 = Debug|Any CPU
		{9395DD29-E3DD-47DC-9CAC-7EF989412AA4}.Release|Any CPU.ActiveCfg = Release|Any CPU
		{9395DD29-E3DD-47DC-9CAC-7EF989412AA4}.Release|Any CPU.Build.0 = Release|Any CPU
		{E6D17710-8670-4BF5-82EA-D27C125FEF58}.Debug|Any CPU.ActiveCfg = Debug|Any CPU
		{E6D17710-8670-4BF5-82EA-D27C125FEF58}.Debug|Any CPU.Build.0 = Debug|Any CPU
		{E6D17710-8670-4BF5-82EA-D27C125FEF58}.Release|Any CPU.ActiveCfg = Release|Any CPU
		{E6D17710-8670-4BF5-82EA-D27C125FEF58}.Release|Any CPU.Build.0 = Release|Any CPU
		{18DD7586-A940-454C-9773-55581CAB65F5}.Debug|Any CPU.ActiveCfg = Debug|Any CPU
		{18DD7586-A940-454C-9773-55581CAB65F5}.Debug|Any CPU.Build.0 = Debug|Any CPU
		{18DD7586-A940-454C-9773-55581CAB65F5}.Release|Any CPU.ActiveCfg = Release|Any CPU
		{18DD7586-A940-454C-9773-55581CAB65F5}.Release|Any CPU.Build.0 = Release|Any CPU
		{81F1A728-2D0D-415A-91A6-9658DAEBA539}.Debug|Any CPU.ActiveCfg = Debug|Any CPU
		{81F1A728-2D0D-415A-91A6-9658DAEBA539}.Debug|Any CPU.Build.0 = Debug|Any CPU
		{81F1A728-2D0D-415A-91A6-9658DAEBA539}.Release|Any CPU.ActiveCfg = Release|Any CPU
		{81F1A728-2D0D-415A-91A6-9658DAEBA539}.Release|Any CPU.Build.0 = Release|Any CPU
		{A444E227-B554-4C27-98C2-EFE6DCF8F8D8}.Debug|Any CPU.ActiveCfg = Debug|Any CPU
		{A444E227-B554-4C27-98C2-EFE6DCF8F8D8}.Debug|Any CPU.Build.0 = Debug|Any CPU
		{A444E227-B554-4C27-98C2-EFE6DCF8F8D8}.Release|Any CPU.ActiveCfg = Release|Any CPU
		{A444E227-B554-4C27-98C2-EFE6DCF8F8D8}.Release|Any CPU.Build.0 = Release|Any CPU
		{DB58CF1B-C3BE-4FAE-8507-CD5790F1CDA1}.Debug|Any CPU.ActiveCfg = Debug|Any CPU
		{DB58CF1B-C3BE-4FAE-8507-CD5790F1CDA1}.Debug|Any CPU.Build.0 = Debug|Any CPU
		{DB58CF1B-C3BE-4FAE-8507-CD5790F1CDA1}.Release|Any CPU.ActiveCfg = Release|Any CPU
		{DB58CF1B-C3BE-4FAE-8507-CD5790F1CDA1}.Release|Any CPU.Build.0 = Release|Any CPU
		{D61BD9C4-0947-43F6-ABE0-489970D01881}.Debug|Any CPU.ActiveCfg = Debug|Any CPU
		{D61BD9C4-0947-43F6-ABE0-489970D01881}.Debug|Any CPU.Build.0 = Debug|Any CPU
		{D61BD9C4-0947-43F6-ABE0-489970D01881}.Release|Any CPU.ActiveCfg = Release|Any CPU
		{D61BD9C4-0947-43F6-ABE0-489970D01881}.Release|Any CPU.Build.0 = Release|Any CPU
		{4E30BD3F-7FEA-473B-8E80-17F831AFCA0B}.Debug|Any CPU.ActiveCfg = Debug|Any CPU
		{4E30BD3F-7FEA-473B-8E80-17F831AFCA0B}.Debug|Any CPU.Build.0 = Debug|Any CPU
		{4E30BD3F-7FEA-473B-8E80-17F831AFCA0B}.Release|Any CPU.ActiveCfg = Release|Any CPU
		{4E30BD3F-7FEA-473B-8E80-17F831AFCA0B}.Release|Any CPU.Build.0 = Release|Any CPU
		{B97682FF-5B45-44D6-9B85-97BD17F700AE}.Debug|Any CPU.ActiveCfg = Debug|Any CPU
		{B97682FF-5B45-44D6-9B85-97BD17F700AE}.Debug|Any CPU.Build.0 = Debug|Any CPU
		{B97682FF-5B45-44D6-9B85-97BD17F700AE}.Release|Any CPU.ActiveCfg = Release|Any CPU
		{B97682FF-5B45-44D6-9B85-97BD17F700AE}.Release|Any CPU.Build.0 = Release|Any CPU
		{A52E81C2-3A60-4500-ACA5-3535A967E0B9}.Debug|Any CPU.ActiveCfg = Debug|Any CPU
		{A52E81C2-3A60-4500-ACA5-3535A967E0B9}.Debug|Any CPU.Build.0 = Debug|Any CPU
		{A52E81C2-3A60-4500-ACA5-3535A967E0B9}.Release|Any CPU.ActiveCfg = Release|Any CPU
		{A52E81C2-3A60-4500-ACA5-3535A967E0B9}.Release|Any CPU.Build.0 = Release|Any CPU
		{3C6EA990-0AB8-41B5-B34B-AD45A4187F14}.Debug|Any CPU.ActiveCfg = Debug|Any CPU
		{3C6EA990-0AB8-41B5-B34B-AD45A4187F14}.Debug|Any CPU.Build.0 = Debug|Any CPU
		{3C6EA990-0AB8-41B5-B34B-AD45A4187F14}.Release|Any CPU.ActiveCfg = Release|Any CPU
		{3C6EA990-0AB8-41B5-B34B-AD45A4187F14}.Release|Any CPU.Build.0 = Release|Any CPU
	EndGlobalSection
	GlobalSection(SolutionProperties) = preSolution
		HideSolutionNode = FALSE
	EndGlobalSection
	GlobalSection(NestedProjects) = preSolution
		{D7C1BAD1-3AE5-4922-8F74-AC40189BD7BE} = {F81825D0-2781-47A2-84A2-A5F020D2CB3E}
		{9395DD29-E3DD-47DC-9CAC-7EF989412AA4} = {D7C1BAD1-3AE5-4922-8F74-AC40189BD7BE}
		{E2BB9C1A-CB98-4F9C-8B5E-0EE66CC0672C} = {F81825D0-2781-47A2-84A2-A5F020D2CB3E}
		{18DD7586-A940-454C-9773-55581CAB65F5} = {E2BB9C1A-CB98-4F9C-8B5E-0EE66CC0672C}
		{DB564AC7-A773-427F-A76D-47595744C591} = {F81825D0-2781-47A2-84A2-A5F020D2CB3E}
		{81F1A728-2D0D-415A-91A6-9658DAEBA539} = {DB564AC7-A773-427F-A76D-47595744C591}
		{A444E227-B554-4C27-98C2-EFE6DCF8F8D8} = {DB564AC7-A773-427F-A76D-47595744C591}
		{42E8F0D8-FC6E-410A-8F35-7BD310D6F847} = {F81825D0-2781-47A2-84A2-A5F020D2CB3E}
		{DB58CF1B-C3BE-4FAE-8507-CD5790F1CDA1} = {42E8F0D8-FC6E-410A-8F35-7BD310D6F847}
		{D61BD9C4-0947-43F6-ABE0-489970D01881} = {42E8F0D8-FC6E-410A-8F35-7BD310D6F847}
		{4E30BD3F-7FEA-473B-8E80-17F831AFCA0B} = {42E8F0D8-FC6E-410A-8F35-7BD310D6F847}
		{B97682FF-5B45-44D6-9B85-97BD17F700AE} = {42E8F0D8-FC6E-410A-8F35-7BD310D6F847}
		{A52E81C2-3A60-4500-ACA5-3535A967E0B9} = {263DE7D8-7C35-4569-B582-29F4B57F8DD9}
		{3C6EA990-0AB8-41B5-B34B-AD45A4187F14} = {6AF3A441-0B7A-4119-ADDB-88F30E3AFDF2}
	EndGlobalSection
	GlobalSection(ExtensibilityGlobals) = postSolution
		SolutionGuid = {8A7DE452-D46C-4C2A-86CD-7348431E2356}
	EndGlobalSection
EndGlobal
